
Microsoft Visual Studio Solution File, Format Version 12.00
# Visual Studio 14
VisualStudioVersion = 14.0.25420.1
MinimumVisualStudioVersion = 10.0.40219.1
Project("{FAE04EC0-301F-11D3-BF4B-00C04F79EFBC}") = "WellsOperaticSociety.Web", "Wells Operatic Society\WellsOperaticSociety.Web.csproj", "{033830C5-E099-4E7F-A125-2D6FD3A55394}"
EndProject
Project("{FAE04EC0-301F-11D3-BF4B-00C04F79EFBC}") = "WellsOperaticSociety.Models", "WellsOperaticSociety.Models\WellsOperaticSociety.Models.csproj", "{08F29A53-BBC5-4CF2-8708-E889AA63E5BF}"
EndProject
Project("{FAE04EC0-301F-11D3-BF4B-00C04F79EFBC}") = "WellsOperaticSociety.BusinessLogic", "WellsOperaticSociety.BusinessLogic\WellsOperaticSociety.BusinessLogic.csproj", "{F83D164E-71CE-4FCF-84CA-10860054A268}"
EndProject
Project("{FAE04EC0-301F-11D3-BF4B-00C04F79EFBC}") = "WellsOperaticSociety.DAL", "WellsOperaticSociety.DAL\WellsOperaticSociety.DAL.csproj", "{B3E1CBFF-1708-4E51-AAB2-5690864C69B0}"
EndProject
Project("{FAE04EC0-301F-11D3-BF4B-00C04F79EFBC}") = "WellsOperaticSociety.PreCompiledViews", "WellsOperaticSociety.PreCompiledViews\WellsOperaticSociety.PreCompiledViews.csproj", "{82C523B6-C3FB-4C9B-B05B-F3435591E47C}"
EndProject
Project("{FAE04EC0-301F-11D3-BF4B-00C04F79EFBC}") = "WellsOperaticSociety.Utilities", "WellsOperaticSociety.Utilities\WellsOperaticSociety.Utilities.csproj", "{52D4AA38-1A40-4406-9570-1225786A6F2F}"
EndProject
Project("{FAE04EC0-301F-11D3-BF4B-00C04F79EFBC}") = "WellsOperaticSociety.EmailService", "WellsOperaticSociety.EmailService\WellsOperaticSociety.EmailService.csproj", "{239B74D6-B78C-49AF-A05F-4CAB4445DE50}"
EndProject
Global
	GlobalSection(Performance) = preSolution
		HasPerformanceSessions = true
	EndGlobalSection
	GlobalSection(SolutionConfigurationPlatforms) = preSolution
		Debug|Any CPU = Debug|Any CPU
		Release|Any CPU = Release|Any CPU
	EndGlobalSection
	GlobalSection(ProjectConfigurationPlatforms) = postSolution
		{033830C5-E099-4E7F-A125-2D6FD3A55394}.Debug|Any CPU.ActiveCfg = Debug|Any CPU
		{033830C5-E099-4E7F-A125-2D6FD3A55394}.Debug|Any CPU.Build.0 = Debug|Any CPU
		{033830C5-E099-4E7F-A125-2D6FD3A55394}.Release|Any CPU.ActiveCfg = Release|Any CPU
		{033830C5-E099-4E7F-A125-2D6FD3A55394}.Release|Any CPU.Build.0 = Release|Any CPU
		{08F29A53-BBC5-4CF2-8708-E889AA63E5BF}.Debug|Any CPU.ActiveCfg = Debug|Any CPU
		{08F29A53-BBC5-4CF2-8708-E889AA63E5BF}.Debug|Any CPU.Build.0 = Debug|Any CPU
		{08F29A53-BBC5-4CF2-8708-E889AA63E5BF}.Release|Any CPU.ActiveCfg = Release|Any CPU
		{08F29A53-BBC5-4CF2-8708-E889AA63E5BF}.Release|Any CPU.Build.0 = Release|Any CPU
		{F83D164E-71CE-4FCF-84CA-10860054A268}.Debug|Any CPU.ActiveCfg = Debug|Any CPU
		{F83D164E-71CE-4FCF-84CA-10860054A268}.Debug|Any CPU.Build.0 = Debug|Any CPU
		{F83D164E-71CE-4FCF-84CA-10860054A268}.Release|Any CPU.ActiveCfg = Release|Any CPU
		{F83D164E-71CE-4FCF-84CA-10860054A268}.Release|Any CPU.Build.0 = Release|Any CPU
		{B3E1CBFF-1708-4E51-AAB2-5690864C69B0}.Debug|Any CPU.ActiveCfg = Debug|Any CPU
		{B3E1CBFF-1708-4E51-AAB2-5690864C69B0}.Debug|Any CPU.Build.0 = Debug|Any CPU
		{B3E1CBFF-1708-4E51-AAB2-5690864C69B0}.Release|Any CPU.ActiveCfg = Release|Any CPU
		{B3E1CBFF-1708-4E51-AAB2-5690864C69B0}.Release|Any CPU.Build.0 = Release|Any CPU
		{82C523B6-C3FB-4C9B-B05B-F3435591E47C}.Debug|Any CPU.ActiveCfg = Debug|Any CPU
		{82C523B6-C3FB-4C9B-B05B-F3435591E47C}.Debug|Any CPU.Build.0 = Debug|Any CPU
		{82C523B6-C3FB-4C9B-B05B-F3435591E47C}.Release|Any CPU.ActiveCfg = Release|Any CPU
		{82C523B6-C3FB-4C9B-B05B-F3435591E47C}.Release|Any CPU.Build.0 = Release|Any CPU
		{52D4AA38-1A40-4406-9570-1225786A6F2F}.Debug|Any CPU.ActiveCfg = Debug|Any CPU
		{52D4AA38-1A40-4406-9570-1225786A6F2F}.Debug|Any CPU.Build.0 = Debug|Any CPU
		{52D4AA38-1A40-4406-9570-1225786A6F2F}.Release|Any CPU.ActiveCfg = Release|Any CPU
		{52D4AA38-1A40-4406-9570-1225786A6F2F}.Release|Any CPU.Build.0 = Release|Any CPU
		{239B74D6-B78C-49AF-A05F-4CAB4445DE50}.Debug|Any CPU.ActiveCfg = Debug|Any CPU
		{239B74D6-B78C-49AF-A05F-4CAB4445DE50}.Debug|Any CPU.Build.0 = Debug|Any CPU
		{239B74D6-B78C-49AF-A05F-4CAB4445DE50}.Release|Any CPU.ActiveCfg = Release|Any CPU
		{239B74D6-B78C-49AF-A05F-4CAB4445DE50}.Release|Any CPU.Build.0 = Release|Any CPU
	EndGlobalSection
	GlobalSection(SolutionProperties) = preSolution
		HideSolutionNode = FALSE
	EndGlobalSection
EndGlobal
